// !$*UTF8*$!
{
	archiveVersion = 1;
	classes = {
	};
	objectVersion = 46;
	objects = {

/* Begin PBXBuildFile section */
		DE544E071E91377F00246DC4 /* AppDelegate.swift in Sources */ = {isa = PBXBuildFile; fileRef = DE544E061E91377F00246DC4 /* AppDelegate.swift */; };
		DE544E091E91377F00246DC4 /* FirstTableViewController.swift in Sources */ = {isa = PBXBuildFile; fileRef = DE544E081E91377F00246DC4 /* FirstTableViewController.swift */; };
		DE544E0C1E91377F00246DC4 /* Main.storyboard in Resources */ = {isa = PBXBuildFile; fileRef = DE544E0A1E91377F00246DC4 /* Main.storyboard */; };
		DE544E0E1E91377F00246DC4 /* Assets.xcassets in Resources */ = {isa = PBXBuildFile; fileRef = DE544E0D1E91377F00246DC4 /* Assets.xcassets */; };
		DE544E111E91377F00246DC4 /* LaunchScreen.storyboard in Resources */ = {isa = PBXBuildFile; fileRef = DE544E0F1E91377F00246DC4 /* LaunchScreen.storyboard */; };
		DE544E191E913C3000246DC4 /* SecondTableViewController.swift in Sources */ = {isa = PBXBuildFile; fileRef = DE544E181E913C3000246DC4 /* SecondTableViewController.swift */; };
		DE544E1B1E91422E00246DC4 /* SecondTable.swift in Sources */ = {isa = PBXBuildFile; fileRef = DE544E1A1E91422E00246DC4 /* SecondTable.swift */; };
/* End PBXBuildFile section */

/* Begin PBXFileReference section */
		DE544E031E91377F00246DC4 /* PassingBetweenTableViewss.app */ = {isa = PBXFileReference; explicitFileType = wrapper.application; includeInIndex = 0; path = PassingBetweenTableViewss.app; sourceTree = BUILT_PRODUCTS_DIR; };
		DE544E061E91377F00246DC4 /* AppDelegate.swift */ = {isa = PBXFileReference; lastKnownFileType = sourcecode.swift; path = AppDelegate.swift; sourceTree = "<group>"; };
		DE544E081E91377F00246DC4 /* FirstTableViewController.swift */ = {isa = PBXFileReference; lastKnownFileType = sourcecode.swift; path = FirstTableViewController.swift; sourceTree = "<group>"; };
		DE544E0B1E91377F00246DC4 /* Base */ = {isa = PBXFileReference; lastKnownFileType = file.storyboard; name = Base; path = Base.lproj/Main.storyboard; sourceTree = "<group>"; };
		DE544E0D1E91377F00246DC4 /* Assets.xcassets */ = {isa = PBXFileReference; lastKnownFileType = folder.assetcatalog; path = Assets.xcassets; sourceTree = "<group>"; };
		DE544E101E91377F00246DC4 /* Base */ = {isa = PBXFileReference; lastKnownFileType = file.storyboard; name = Base; path = Base.lproj/LaunchScreen.storyboard; sourceTree = "<group>"; };
		DE544E121E91377F00246DC4 /* Info.plist */ = {isa = PBXFileReference; lastKnownFileType = text.plist.xml; path = Info.plist; sourceTree = "<group>"; };
		DE544E181E913C3000246DC4 /* SecondTableViewController.swift */ = {isa = PBXFileReference; fileEncoding = 4; lastKnownFileType = sourcecode.swift; path = SecondTableViewController.swift; sourceTree = "<group>"; };
		DE544E1A1E91422E00246DC4 /* SecondTable.swift */ = {isa = PBXFileReference; fileEncoding = 4; lastKnownFileType = sourcecode.swift; path = SecondTable.swift; sourceTree = "<group>"; };
/* End PBXFileReference section */

/* Begin PBXFrameworksBuildPhase section */
		DE544E001E91377F00246DC4 /* Frameworks */ = {
			isa = PBXFrameworksBuildPhase;
			buildActionMask = 2147483647;
			files = (
			);
			runOnlyForDeploymentPostprocessing = 0;
		};
/* End PBXFrameworksBuildPhase section */

/* Begin PBXGroup section */
		DE544DFA1E91377F00246DC4 = {
			isa = PBXGroup;
			children = (
				DE544E051E91377F00246DC4 /* PassingBetweenTableViewss */,
				DE544E041E91377F00246DC4 /* Products */,
			);
			sourceTree = "<group>";
		};
		DE544E041E91377F00246DC4 /* Products */ = {
			isa = PBXGroup;
			children = (
				DE544E031E91377F00246DC4 /* PassingBetweenTableViewss.app */,
			);
			name = Products;
			sourceTree = "<group>";
		};
		DE544E051E91377F00246DC4 /* PassingBetweenTableViewss */ = {
			isa = PBXGroup;
			children = (
				DE544E061E91377F00246DC4 /* AppDelegate.swift */,
				DE544E081E91377F00246DC4 /* FirstTableViewController.swift */,
				DE544E181E913C3000246DC4 /* SecondTableViewController.swift */,
				DE544E1A1E91422E00246DC4 /* SecondTable.swift */,
				DE544E0A1E91377F00246DC4 /* Main.storyboard */,
				DE544E0D1E91377F00246DC4 /* Assets.xcassets */,
				DE544E0F1E91377F00246DC4 /* LaunchScreen.storyboard */,
				DE544E121E91377F00246DC4 /* Info.plist */,
			);
			path = PassingBetweenTableViewss;
			sourceTree = "<group>";
		};
/* End PBXGroup section */

/* Begin PBXNativeTarget section */
		DE544E021E91377F00246DC4 /* PassingBetweenTableViewss */ = {
			isa = PBXNativeTarget;
			buildConfigurationList = DE544E151E91377F00246DC4 /* Build configuration list for PBXNativeTarget "PassingBetweenTableViewss" */;
			buildPhases = (
				DE544DFF1E91377F00246DC4 /* Sources */,
				DE544E001E91377F00246DC4 /* Frameworks */,
				DE544E011E91377F00246DC4 /* Resources */,
			);
			buildRules = (
			);
			dependencies = (
			);
			name = PassingBetweenTableViewss;
			productName = PassingBetweenTableViewss;
			productReference = DE544E031E91377F00246DC4 /* PassingBetweenTableViewss.app */;
			productType = "com.apple.product-type.application";
		};
/* End PBXNativeTarget section */

/* Begin PBXProject section */
		DE544DFB1E91377F00246DC4 /* Project object */ = {
			isa = PBXProject;
			attributes = {
				LastSwiftUpdateCheck = 0820;
				LastUpgradeCheck = 0820;
				ORGANIZATIONNAME = "Sanjay Rai";
				TargetAttributes = {
					DE544E021E91377F00246DC4 = {
						CreatedOnToolsVersion = 8.2.1;
						ProvisioningStyle = Automatic;
					};
				};
			};
			buildConfigurationList = DE544DFE1E91377F00246DC4 /* Build configuration list for PBXProject "PassingBetweenTableViewss" */;
			compatibilityVersion = "Xcode 3.2";
			developmentRegion = English;
			hasScannedForEncodings = 0;
			knownRegions = (
				en,
				Base,
			);
			mainGroup = DE544DFA1E91377F00246DC4;
			productRefGroup = DE544E041E91377F00246DC4 /* Products */;
			projectDirPath = "";
			projectRoot = "";
			targets = (
				DE544E021E91377F00246DC4 /* PassingBetweenTableViewss */,
			);
		};
/* End PBXProject section */

/* Begin PBXResourcesBuildPhase section */
		DE544E011E91377F00246DC4 /* Resources */ = {
			isa = PBXResourcesBuildPhase;
			buildActionMask = 2147483647;
			files = (
				DE544E111E91377F00246DC4 /* LaunchScreen.storyboard in Resources */,
				DE544E0E1E91377F00246DC4 /* Assets.xcassets in Resources */,
				DE544E0C1E91377F00246DC4 /* Main.storyboard in Resources */,
			);
			runOnlyForDeploymentPostprocessing = 0;
		};
/* End PBXResourcesBuildPhase section */

/* Begin PBXSourcesBuildPhase section */
		DE544DFF1E91377F00246DC4 /* Sources */ = {
			isa = PBXSourcesBuildPhase;
			buildActionMask = 2147483647;
			files = (
				DE544E1B1E91422E00246DC4 /* SecondTable.swift in Sources */,
				DE544E091E91377F00246DC4 /* FirstTableViewController.swift in Sources */,
				DE544E191E913C3000246DC4 /* SecondTableViewController.swift in Sources */,
				DE544E071E91377F00246DC4 /* AppDelegate.swift in Sources */,
			);
			runOnlyForDeploymentPostprocessing = 0;
		};
/* End PBXSourcesBuildPhase section */

/* Begin PBXVariantGroup section */
		DE544E0A1E91377F00246DC4 /* Main.storyboard */ = {
			isa = PBXVariantGroup;
			children = (
				DE544E0B1E91377F00246DC4 /* Base */,
			);
			name = Main.storyboard;
			sourceTree = "<group>";
		};
		DE544E0F1E91377F00246DC4 /* LaunchScreen.storyboard */ = {
			isa = PBXVariantGroup;
			children = (
				DE544E101E91377F00246DC4 /* Base */,
			);
			name = LaunchScreen.storyboard;
			sourceTree = "<group>";
		};
/* End PBXVariantGroup section */

/* Begin XCBuildConfiguration section */
		DE544E131E91377F00246DC4 /* Debug */ = {
			isa = XCBuildConfiguration;
			buildSettings = {
				ALWAYS_SEARCH_USER_PATHS = NO;
				CLANG_ANALYZER_NONNULL = YES;
				CLANG_CXX_LANGUAGE_STANDARD = "gnu++0x";
				CLANG_CXX_LIBRARY = "libc++";
				CLANG_ENABLE_MODULES = YES;
				CLANG_ENABLE_OBJC_ARC = YES;
				CLANG_WARN_BOOL_CONVERSION = YES;
				CLANG_WARN_CONSTANT_CONVERSION = YES;
				CLANG_WARN_DIRECT_OBJC_ISA_USAGE = YES_ERROR;
				CLANG_WARN_DOCUMENTATION_COMMENTS = YES;
				CLANG_WARN_EMPTY_BODY = YES;
				CLANG_WARN_ENUM_CONVERSION = YES;
				CLANG_WARN_INFINITE_RECURSION = YES;
				CLANG_WARN_INT_CONVERSION = YES;
				CLANG_WARN_OBJC_ROOT_CLASS = YES_ERROR;
				CLANG_WARN_SUSPICIOUS_MOVE = YES;
				CLANG_WARN_UNREACHABLE_CODE = YES;
				CLANG_WARN__DUPLICATE_METHOD_MATCH = YES;
				"CODE_SIGN_IDENTITY[sdk=iphoneos*]" = "iPhone Developer";
				COPY_PHASE_STRIP = NO;
				DEBUG_INFORMATION_FORMAT = dwarf;
				ENABLE_STRICT_OBJC_MSGSEND = YES;
				ENABLE_TESTABILITY = YES;
				GCC_C_LANGUAGE_STANDARD = gnu99;
				GCC_DYNAMIC_NO_PIC = NO;
				GCC_NO_COMMON_BLOCKS = YES;
				GCC_OPTIMIZATION_LEVEL = 0;
				GCC_PREPROCESSOR_DEFINITIONS = (
					"DEBUG=1",
					"$(inherited)",
				);
				GCC_WARN_64_TO_32_BIT_CONVERSION = YES;
				GCC_WARN_ABOUT_RETURN_TYPE = YES_ERROR;
				GCC_WARN_UNDECLARED_SELECTOR = YES;
				GCC_WARN_UNINITIALIZED_AUTOS = YES_AGGRESSIVE;
				GCC_WARN_UNUSED_FUNCTION = YES;
				GCC_WARN_UNUSED_VARIABLE = YES;
				IPHONEOS_DEPLOYMENT_TARGET = 10.2;
				MTL_ENABLE_DEBUG_INFO = YES;
				ONLY_ACTIVE_ARCH = YES;
				SDKROOT = iphoneos;
				SWIFT_ACTIVE_COMPILATION_CONDITIONS = DEBUG;
				SWIFT_OPTIMIZATION_LEVEL = "-Onone";
			};
			name = Debug;
		};
		DE544E141E91377F00246DC4 /* Release */ = {
			isa = XCBuildConfiguration;
			buildSettings = {
				ALWAYS_SEARCH_USER_PATHS = NO;
				CLANG_ANALYZER_NONNULL = YES;
				CLANG_CXX_LANGUAGE_STANDARD = "gnu++0x";
				CLANG_CXX_LIBRARY = "libc++";
				CLANG_ENABLE_MODULES = YES;
				CLANG_ENABLE_OBJC_ARC = YES;
				CLANG_WARN_BOOL_CONVERSION = YES;
				CLANG_WARN_CONSTANT_CONVERSION = YES;
				CLANG_WARN_DIRECT_OBJC_ISA_USAGE = YES_ERROR;
				CLANG_WARN_DOCUMENTATION_COMMENTS = YES;
				CLANG_WARN_EMPTY_BODY = YES;
				CLANG_WARN_ENUM_CONVERSION = YES;
				CLANG_WARN_INFINITE_RECURSION = YES;
				CLANG_WARN_INT_CONVERSION = YES;
				CLANG_WARN_OBJC_ROOT_CLASS = YES_ERROR;
				CLANG_WARN_SUSPICIOUS_MOVE = YES;
				CLANG_WARN_UNREACHABLE_CODE = YES;
				CLANG_WARN__DUPLICATE_METHOD_MATCH = YES;
				"CODE_SIGN_IDENTITY[sdk=iphoneos*]" = "iPhone Developer";
				COPY_PHASE_STRIP = NO;
				DEBUG_INFORMATION_FORMAT = "dwarf-with-dsym";
				ENABLE_NS_ASSERTIONS = NO;
				ENABLE_STRICT_OBJC_MSGSEND = YES;
				GCC_C_LANGUAGE_STANDARD = gnu99;
				GCC_NO_COMMON_BLOCKS = YES;
				GCC_WARN_64_TO_32_BIT_CONVERSION = YES;
				GCC_WARN_ABOUT_RETURN_TYPE = YES_ERROR;
				GCC_WARN_UNDECLARED_SELECTOR = YES;
				GCC_WARN_UNINITIALIZED_AUTOS = YES_AGGRESSIVE;
				GCC_WARN_UNUSED_FUNCTION = YES;
				GCC_WARN_UNUSED_VARIABLE = YES;
				IPHONEOS_DEPLOYMENT_TARGET = 10.2;
				MTL_ENABLE_DEBUG_INFO = NO;
				SDKROOT = iphoneos;
				SWIFT_OPTIMIZATION_LEVEL = "-Owholemodule";
				VALIDATE_PRODUCT = YES;
			};
			name = Release;
		};
		DE544E161E91377F00246DC4 /* Debug */ = {
			isa = XCBuildConfiguration;
			buildSettings = {
				ASSETCATALOG_COMPILER_APPICON_NAME = AppIcon;
				INFOPLIST_FILE = PassingBetweenTableViewss/Info.plist;
				LD_RUNPATH_SEARCH_PATHS = "$(inherited) @executable_path/Frameworks";
				PRODUCT_BUNDLE_IDENTIFIER = self.edu.SanjayRai.PassingBetweenTableViewss;
				PRODUCT_NAME = "$(TARGET_NAME)";
				SWIFT_VERSION = 3.0;
			};
			name = Debug;
		};
		DE544E171E91377F00246DC4 /* Release */ = {
			isa = XCBuildConfiguration;
			buildSettings = {
				ASSETCATALOG_COMPILER_APPICON_NAME = AppIcon;
				INFOPLIST_FILE = PassingBetweenTableViewss/Info.plist;
				LD_RUNPATH_SEARCH_PATHS = "$(inherited) @executable_path/Frameworks";
				PRODUCT_BUNDLE_IDENTIFIER = self.edu.SanjayRai.PassingBetweenTableViewss;
				PRODUCT_NAME = "$(TARGET_NAME)";
				SWIFT_VERSION = 3.0;
			};
			name = Release;
		};
/* End XCBuildConfiguration section */

/* Begin XCConfigurationList section */
		DE544DFE1E91377F00246DC4 /* Build configuration list for PBXProject "PassingBetweenTableViewss" */ = {
			isa = XCConfigurationList;
			buildConfigurations = (
				DE544E131E91377F00246DC4 /* Debug */,
				DE544E141E91377F00246DC4 /* Release */,
			);
			defaultConfigurationIsVisible = 0;
			defaultConfigurationName = Release;
		};
		DE544E151E91377F00246DC4 /* Build configuration list for PBXNativeTarget "PassingBetweenTableViewss" */ = {
			isa = XCConfigurationList;
			buildConfigurations = (
				DE544E161E91377F00246DC4 /* Debug */,
				DE544E171E91377F00246DC4 /* Release */,
			);
			defaultConfigurationIsVisible = 0;
		};
/* End XCConfigurationList section */
	};
	rootObject = DE544DFB1E91377F00246DC4 /* Project object */;
}
